// !$*UTF8*$!
{
	archiveVersion = 1;
	classes = {
	};
	objectVersion = 46;
	objects = {

/* Begin PBXBuildFile section */
		18613DEA1D3F6EE4001E6840 /* TableViewController.swift in Sources */ = {isa = PBXBuildFile; fileRef = 18613DE91D3F6EE4001E6840 /* TableViewController.swift */; };
		18613DEC1D3F6F1D001E6840 /* TableViewCell.swift in Sources */ = {isa = PBXBuildFile; fileRef = 18613DEB1D3F6F1D001E6840 /* TableViewCell.swift */; };
		18F851651D3DD13A00B712C8 /* AppDelegate.swift in Sources */ = {isa = PBXBuildFile; fileRef = 18F851641D3DD13A00B712C8 /* AppDelegate.swift */; };
		18F8516C1D3DD13A00B712C8 /* Assets.xcassets in Resources */ = {isa = PBXBuildFile; fileRef = 18F8516B1D3DD13A00B712C8 /* Assets.xcassets */; };
		18F8516F1D3DD13A00B712C8 /* LaunchScreen.storyboard in Resources */ = {isa = PBXBuildFile; fileRef = 18F8516D1D3DD13A00B712C8 /* LaunchScreen.storyboard */; };
		18F8517A1D3DD13A00B712C8 /* TestAutoLayoutTests.swift in Sources */ = {isa = PBXBuildFile; fileRef = 18F851791D3DD13A00B712C8 /* TestAutoLayoutTests.swift */; };
		18F851851D3DD13A00B712C8 /* TestAutoLayoutUITests.swift in Sources */ = {isa = PBXBuildFile; fileRef = 18F851841D3DD13A00B712C8 /* TestAutoLayoutUITests.swift */; };
		1B97CA2CAE860B32E1DDD71E /* Pods_TestAutoLayoutTests.framework in Frameworks */ = {isa = PBXBuildFile; fileRef = 25B9F329A219A5A083D2DCB5 /* Pods_TestAutoLayoutTests.framework */; };
		45715EE6B4B974F3005076E7 /* Pods_TestAutoLayoutUITests.framework in Frameworks */ = {isa = PBXBuildFile; fileRef = 302D952F7B8698B9212F7F7F /* Pods_TestAutoLayoutUITests.framework */; };
		F8343B2A4F57535A4B326C8D /* Pods_TestAutoLayout.framework in Frameworks */ = {isa = PBXBuildFile; fileRef = E268CFB0FA49D5CF642C8FCE /* Pods_TestAutoLayout.framework */; };
/* End PBXBuildFile section */

/* Begin PBXContainerItemProxy section */
		18F851761D3DD13A00B712C8 /* PBXContainerItemProxy */ = {
			isa = PBXContainerItemProxy;
			containerPortal = 18F851591D3DD13A00B712C8 /* Project object */;
			proxyType = 1;
			remoteGlobalIDString = 18F851601D3DD13A00B712C8;
			remoteInfo = TestAutoLayout;
		};
		18F851811D3DD13A00B712C8 /* PBXContainerItemProxy */ = {
			isa = PBXContainerItemProxy;
			containerPortal = 18F851591D3DD13A00B712C8 /* Project object */;
			proxyType = 1;
			remoteGlobalIDString = 18F851601D3DD13A00B712C8;
			remoteInfo = TestAutoLayout;
		};
/* End PBXContainerItemProxy section */

/* Begin PBXFileReference section */
		0A7FDBABA9B777C4256B98DE /* Pods-TestAutoLayoutTests.release.xcconfig */ = {isa = PBXFileReference; includeInIndex = 1; lastKnownFileType = text.xcconfig; name = "Pods-TestAutoLayoutTests.release.xcconfig"; path = "Pods/Target Support Files/Pods-TestAutoLayoutTests/Pods-TestAutoLayoutTests.release.xcconfig"; sourceTree = "<group>"; };
		18613DE91D3F6EE4001E6840 /* TableViewController.swift */ = {isa = PBXFileReference; fileEncoding = 4; lastKnownFileType = sourcecode.swift; name = TableViewController.swift; path = ../TableViewController.swift; sourceTree = "<group>"; };
		18613DEB1D3F6F1D001E6840 /* TableViewCell.swift */ = {isa = PBXFileReference; fileEncoding = 4; lastKnownFileType = sourcecode.swift; path = TableViewCell.swift; sourceTree = "<group>"; };
		18F851611D3DD13A00B712C8 /* TestAutoLayout.app */ = {isa = PBXFileReference; explicitFileType = wrapper.application; includeInIndex = 0; path = TestAutoLayout.app; sourceTree = BUILT_PRODUCTS_DIR; };
		18F851641D3DD13A00B712C8 /* AppDelegate.swift */ = {isa = PBXFileReference; lastKnownFileType = sourcecode.swift; path = AppDelegate.swift; sourceTree = "<group>"; };
		18F8516B1D3DD13A00B712C8 /* Assets.xcassets */ = {isa = PBXFileReference; lastKnownFileType = folder.assetcatalog; path = Assets.xcassets; sourceTree = "<group>"; };
		18F8516E1D3DD13A00B712C8 /* Base */ = {isa = PBXFileReference; lastKnownFileType = file.storyboard; name = Base; path = Base.lproj/LaunchScreen.storyboard; sourceTree = "<group>"; };
		18F851701D3DD13A00B712C8 /* Info.plist */ = {isa = PBXFileReference; lastKnownFileType = text.plist.xml; path = Info.plist; sourceTree = "<group>"; };
		18F851751D3DD13A00B712C8 /* TestAutoLayoutTests.xctest */ = {isa = PBXFileReference; explicitFileType = wrapper.cfbundle; includeInIndex = 0; path = TestAutoLayoutTests.xctest; sourceTree = BUILT_PRODUCTS_DIR; };
		18F851791D3DD13A00B712C8 /* TestAutoLayoutTests.swift */ = {isa = PBXFileReference; lastKnownFileType = sourcecode.swift; path = TestAutoLayoutTests.swift; sourceTree = "<group>"; };
		18F8517B1D3DD13A00B712C8 /* Info.plist */ = {isa = PBXFileReference; lastKnownFileType = text.plist.xml; path = Info.plist; sourceTree = "<group>"; };
		18F851801D3DD13A00B712C8 /* TestAutoLayoutUITests.xctest */ = {isa = PBXFileReference; explicitFileType = wrapper.cfbundle; includeInIndex = 0; path = TestAutoLayoutUITests.xctest; sourceTree = BUILT_PRODUCTS_DIR; };
		18F851841D3DD13A00B712C8 /* TestAutoLayoutUITests.swift */ = {isa = PBXFileReference; lastKnownFileType = sourcecode.swift; path = TestAutoLayoutUITests.swift; sourceTree = "<group>"; };
		18F851861D3DD13A00B712C8 /* Info.plist */ = {isa = PBXFileReference; lastKnownFileType = text.plist.xml; path = Info.plist; sourceTree = "<group>"; };
		1B95FB2DB8A13636FB5B00C3 /* Pods-TestAutoLayoutUITests.debug.xcconfig */ = {isa = PBXFileReference; includeInIndex = 1; lastKnownFileType = text.xcconfig; name = "Pods-TestAutoLayoutUITests.debug.xcconfig"; path = "Pods/Target Support Files/Pods-TestAutoLayoutUITests/Pods-TestAutoLayoutUITests.debug.xcconfig"; sourceTree = "<group>"; };
		1C0B63DA131C45E9A89D5A85 /* Pods-TestAutoLayoutTests.debug.xcconfig */ = {isa = PBXFileReference; includeInIndex = 1; lastKnownFileType = text.xcconfig; name = "Pods-TestAutoLayoutTests.debug.xcconfig"; path = "Pods/Target Support Files/Pods-TestAutoLayoutTests/Pods-TestAutoLayoutTests.debug.xcconfig"; sourceTree = "<group>"; };
		25B9F329A219A5A083D2DCB5 /* Pods_TestAutoLayoutTests.framework */ = {isa = PBXFileReference; explicitFileType = wrapper.framework; includeInIndex = 0; path = Pods_TestAutoLayoutTests.framework; sourceTree = BUILT_PRODUCTS_DIR; };
		302D952F7B8698B9212F7F7F /* Pods_TestAutoLayoutUITests.framework */ = {isa = PBXFileReference; explicitFileType = wrapper.framework; includeInIndex = 0; path = Pods_TestAutoLayoutUITests.framework; sourceTree = BUILT_PRODUCTS_DIR; };
		5AA02BCE9BF1A79A5E310A79 /* Pods-TestAutoLayoutUITests.release.xcconfig */ = {isa = PBXFileReference; includeInIndex = 1; lastKnownFileType = text.xcconfig; name = "Pods-TestAutoLayoutUITests.release.xcconfig"; path = "Pods/Target Support Files/Pods-TestAutoLayoutUITests/Pods-TestAutoLayoutUITests.release.xcconfig"; sourceTree = "<group>"; };
		B2541A816E59C9C6B137AF30 /* Pods-TestAutoLayout.debug.xcconfig */ = {isa = PBXFileReference; includeInIndex = 1; lastKnownFileType = text.xcconfig; name = "Pods-TestAutoLayout.debug.xcconfig"; path = "Pods/Target Support Files/Pods-TestAutoLayout/Pods-TestAutoLayout.debug.xcconfig"; sourceTree = "<group>"; };
		E268CFB0FA49D5CF642C8FCE /* Pods_TestAutoLayout.framework */ = {isa = PBXFileReference; explicitFileType = wrapper.framework; includeInIndex = 0; path = Pods_TestAutoLayout.framework; sourceTree = BUILT_PRODUCTS_DIR; };
		EEE5D680DEF2FFD4CA334B25 /* Pods-TestAutoLayout.release.xcconfig */ = {isa = PBXFileReference; includeInIndex = 1; lastKnownFileType = text.xcconfig; name = "Pods-TestAutoLayout.release.xcconfig"; path = "Pods/Target Support Files/Pods-TestAutoLayout/Pods-TestAutoLayout.release.xcconfig"; sourceTree = "<group>"; };
/* End PBXFileReference section */

/* Begin PBXFrameworksBuildPhase section */
		18F8515E1D3DD13A00B712C8 /* Frameworks */ = {
			isa = PBXFrameworksBuildPhase;
			buildActionMask = 2147483647;
			files = (
				F8343B2A4F57535A4B326C8D /* Pods_TestAutoLayout.framework in Frameworks */,
			);
			runOnlyForDeploymentPostprocessing = 0;
		};
		18F851721D3DD13A00B712C8 /* Frameworks */ = {
			isa = PBXFrameworksBuildPhase;
			buildActionMask = 2147483647;
			files = (
				1B97CA2CAE860B32E1DDD71E /* Pods_TestAutoLayoutTests.framework in Frameworks */,
			);
			runOnlyForDeploymentPostprocessing = 0;
		};
		18F8517D1D3DD13A00B712C8 /* Frameworks */ = {
			isa = PBXFrameworksBuildPhase;
			buildActionMask = 2147483647;
			files = (
				45715EE6B4B974F3005076E7 /* Pods_TestAutoLayoutUITests.framework in Frameworks */,
			);
			runOnlyForDeploymentPostprocessing = 0;
		};
/* End PBXFrameworksBuildPhase section */

/* Begin PBXGroup section */
		18F851581D3DD13A00B712C8 = {
			isa = PBXGroup;
			children = (
				18F851631D3DD13A00B712C8 /* TestAutoLayout */,
				18F851781D3DD13A00B712C8 /* TestAutoLayoutTests */,
				18F851831D3DD13A00B712C8 /* TestAutoLayoutUITests */,
				18F851621D3DD13A00B712C8 /* Products */,
				6EDB8F98B336975A25B6F39B /* Pods */,
				A086219162602FCFDEDB48CD /* Frameworks */,
			);
			sourceTree = "<group>";
		};
		18F851621D3DD13A00B712C8 /* Products */ = {
			isa = PBXGroup;
			children = (
				18F851611D3DD13A00B712C8 /* TestAutoLayout.app */,
				18F851751D3DD13A00B712C8 /* TestAutoLayoutTests.xctest */,
				18F851801D3DD13A00B712C8 /* TestAutoLayoutUITests.xctest */,
			);
			name = Products;
			sourceTree = "<group>";
		};
		18F851631D3DD13A00B712C8 /* TestAutoLayout */ = {
			isa = PBXGroup;
			children = (
				18613DE91D3F6EE4001E6840 /* TableViewController.swift */,
				18F851641D3DD13A00B712C8 /* AppDelegate.swift */,
				18F8516B1D3DD13A00B712C8 /* Assets.xcassets */,
				18F8516D1D3DD13A00B712C8 /* LaunchScreen.storyboard */,
				18F851701D3DD13A00B712C8 /* Info.plist */,
				18613DEB1D3F6F1D001E6840 /* TableViewCell.swift */,
			);
			path = TestAutoLayout;
			sourceTree = "<group>";
		};
		18F851781D3DD13A00B712C8 /* TestAutoLayoutTests */ = {
			isa = PBXGroup;
			children = (
				18F851791D3DD13A00B712C8 /* TestAutoLayoutTests.swift */,
				18F8517B1D3DD13A00B712C8 /* Info.plist */,
			);
			path = TestAutoLayoutTests;
			sourceTree = "<group>";
		};
		18F851831D3DD13A00B712C8 /* TestAutoLayoutUITests */ = {
			isa = PBXGroup;
			children = (
				18F851841D3DD13A00B712C8 /* TestAutoLayoutUITests.swift */,
				18F851861D3DD13A00B712C8 /* Info.plist */,
			);
			path = TestAutoLayoutUITests;
			sourceTree = "<group>";
		};
		6EDB8F98B336975A25B6F39B /* Pods */ = {
			isa = PBXGroup;
			children = (
				B2541A816E59C9C6B137AF30 /* Pods-TestAutoLayout.debug.xcconfig */,
				EEE5D680DEF2FFD4CA334B25 /* Pods-TestAutoLayout.release.xcconfig */,
				1C0B63DA131C45E9A89D5A85 /* Pods-TestAutoLayoutTests.debug.xcconfig */,
				0A7FDBABA9B777C4256B98DE /* Pods-TestAutoLayoutTests.release.xcconfig */,
				1B95FB2DB8A13636FB5B00C3 /* Pods-TestAutoLayoutUITests.debug.xcconfig */,
				5AA02BCE9BF1A79A5E310A79 /* Pods-TestAutoLayoutUITests.release.xcconfig */,
			);
			name = Pods;
			sourceTree = "<group>";
		};
		A086219162602FCFDEDB48CD /* Frameworks */ = {
			isa = PBXGroup;
			children = (
				E268CFB0FA49D5CF642C8FCE /* Pods_TestAutoLayout.framework */,
				25B9F329A219A5A083D2DCB5 /* Pods_TestAutoLayoutTests.framework */,
				302D952F7B8698B9212F7F7F /* Pods_TestAutoLayoutUITests.framework */,
			);
			name = Frameworks;
			sourceTree = "<group>";
		};
/* End PBXGroup section */

/* Begin PBXNativeTarget section */
		18F851601D3DD13A00B712C8 /* TestAutoLayout */ = {
			isa = PBXNativeTarget;
			buildConfigurationList = 18F851891D3DD13A00B712C8 /* Build configuration list for PBXNativeTarget "TestAutoLayout" */;
			buildPhases = (
				D5FC0957C12731DF70A02044 /* [CP] Check Pods Manifest.lock */,
				18F8515D1D3DD13A00B712C8 /* Sources */,
				18F8515E1D3DD13A00B712C8 /* Frameworks */,
				18F8515F1D3DD13A00B712C8 /* Resources */,
				C568E77BEC9F5CF36FAFE3D1 /* [CP] Embed Pods Frameworks */,
				88A6D341175DF7EEABC51D1C /* [CP] Copy Pods Resources */,
			);
			buildRules = (
			);
			dependencies = (
			);
			name = TestAutoLayout;
			productName = TestAutoLayout;
			productReference = 18F851611D3DD13A00B712C8 /* TestAutoLayout.app */;
			productType = "com.apple.product-type.application";
		};
		18F851741D3DD13A00B712C8 /* TestAutoLayoutTests */ = {
			isa = PBXNativeTarget;
			buildConfigurationList = 18F8518C1D3DD13A00B712C8 /* Build configuration list for PBXNativeTarget "TestAutoLayoutTests" */;
			buildPhases = (
				C3F6077CB3598C65545DAD90 /* [CP] Check Pods Manifest.lock */,
				18F851711D3DD13A00B712C8 /* Sources */,
				18F851721D3DD13A00B712C8 /* Frameworks */,
				18F851731D3DD13A00B712C8 /* Resources */,
				B529010E88EBF6B6CBE3C2ED /* [CP] Embed Pods Frameworks */,
				C9E133D24A1227759BBD9931 /* [CP] Copy Pods Resources */,
			);
			buildRules = (
			);
			dependencies = (
				18F851771D3DD13A00B712C8 /* PBXTargetDependency */,
			);
			name = TestAutoLayoutTests;
			productName = TestAutoLayoutTests;
			productReference = 18F851751D3DD13A00B712C8 /* TestAutoLayoutTests.xctest */;
			productType = "com.apple.product-type.bundle.unit-test";
		};
		18F8517F1D3DD13A00B712C8 /* TestAutoLayoutUITests */ = {
			isa = PBXNativeTarget;
			buildConfigurationList = 18F8518F1D3DD13A00B712C8 /* Build configuration list for PBXNativeTarget "TestAutoLayoutUITests" */;
			buildPhases = (
				83AD552D3CDD3A85C414EC46 /* [CP] Check Pods Manifest.lock */,
				18F8517C1D3DD13A00B712C8 /* Sources */,
				18F8517D1D3DD13A00B712C8 /* Frameworks */,
				18F8517E1D3DD13A00B712C8 /* Resources */,
				57313B132D277F899C91B146 /* [CP] Copy Pods Resources */,
			);
			buildRules = (
			);
			dependencies = (
				18F851821D3DD13A00B712C8 /* PBXTargetDependency */,
			);
			name = TestAutoLayoutUITests;
			productName = TestAutoLayoutUITests;
			productReference = 18F851801D3DD13A00B712C8 /* TestAutoLayoutUITests.xctest */;
			productType = "com.apple.product-type.bundle.ui-testing";
		};
/* End PBXNativeTarget section */

/* Begin PBXProject section */
		18F851591D3DD13A00B712C8 /* Project object */ = {
			isa = PBXProject;
			attributes = {
				LastSwiftUpdateCheck = 0720;
				LastUpgradeCheck = 0720;
				ORGANIZATIONNAME = KiraMelody;
				TargetAttributes = {
					18F851601D3DD13A00B712C8 = {
						CreatedOnToolsVersion = 7.2.1;
						DevelopmentTeam = 64VC6J8U2G;
					};
					18F851741D3DD13A00B712C8 = {
						CreatedOnToolsVersion = 7.2.1;
						DevelopmentTeam = 64VC6J8U2G;
						TestTargetID = 18F851601D3DD13A00B712C8;
					};
					18F8517F1D3DD13A00B712C8 = {
						CreatedOnToolsVersion = 7.2.1;
						DevelopmentTeam = 64VC6J8U2G;
						TestTargetID = 18F851601D3DD13A00B712C8;
					};
				};
			};
			buildConfigurationList = 18F8515C1D3DD13A00B712C8 /* Build configuration list for PBXProject "TestAutoLayout" */;
			compatibilityVersion = "Xcode 3.2";
			developmentRegion = English;
			hasScannedForEncodings = 0;
			knownRegions = (
				en,
				Base,
			);
			mainGroup = 18F851581D3DD13A00B712C8;
			productRefGroup = 18F851621D3DD13A00B712C8 /* Products */;
			projectDirPath = "";
			projectRoot = "";
			targets = (
				18F851601D3DD13A00B712C8 /* TestAutoLayout */,
				18F851741D3DD13A00B712C8 /* TestAutoLayoutTests */,
				18F8517F1D3DD13A00B712C8 /* TestAutoLayoutUITests */,
			);
		};
/* End PBXProject section */

/* Begin PBXResourcesBuildPhase section */
		18F8515F1D3DD13A00B712C8 /* Resources */ = {
			isa = PBXResourcesBuildPhase;
			buildActionMask = 2147483647;
			files = (
				18F8516F1D3DD13A00B712C8 /* LaunchScreen.storyboard in Resources */,
				18F8516C1D3DD13A00B712C8 /* Assets.xcassets in Resources */,
			);
			runOnlyForDeploymentPostprocessing = 0;
		};
		18F851731D3DD13A00B712C8 /* Resources */ = {
			isa = PBXResourcesBuildPhase;
			buildActionMask = 2147483647;
			files = (
			);
			runOnlyForDeploymentPostprocessing = 0;
		};
		18F8517E1D3DD13A00B712C8 /* Resources */ = {
			isa = PBXResourcesBuildPhase;
			buildActionMask = 2147483647;
			files = (
			);
			runOnlyForDeploymentPostprocessing = 0;
		};
/* End PBXResourcesBuildPhase section */

/* Begin PBXShellScriptBuildPhase section */
		57313B132D277F899C91B146 /* [CP] Copy Pods Resources */ = {
			isa = PBXShellScriptBuildPhase;
			buildActionMask = 2147483647;
			files = (
			);
			inputPaths = (
			);
			name = "[CP] Copy Pods Resources";
			outputPaths = (
			);
			runOnlyForDeploymentPostprocessing = 0;
			shellPath = /bin/sh;
			shellScript = "\"${SRCROOT}/Pods/Target Support Files/Pods-TestAutoLayoutUITests/Pods-TestAutoLayoutUITests-resources.sh\"\n";
			showEnvVarsInLog = 0;
		};
		83AD552D3CDD3A85C414EC46 /* [CP] Check Pods Manifest.lock */ = {
			isa = PBXShellScriptBuildPhase;
			buildActionMask = 2147483647;
			files = (
			);
			inputPaths = (
			);
			name = "[CP] Check Pods Manifest.lock";
			outputPaths = (
			);
			runOnlyForDeploymentPostprocessing = 0;
			shellPath = /bin/sh;
			shellScript = "diff \"${PODS_ROOT}/../Podfile.lock\" \"${PODS_ROOT}/Manifest.lock\" > /dev/null\nif [[ $? != 0 ]] ; then\n    cat << EOM\nerror: The sandbox is not in sync with the Podfile.lock. Run 'pod install' or update your CocoaPods installation.\nEOM\n    exit 1\nfi\n";
			showEnvVarsInLog = 0;
		};
		88A6D341175DF7EEABC51D1C /* [CP] Copy Pods Resources */ = {
			isa = PBXShellScriptBuildPhase;
			buildActionMask = 2147483647;
			files = (
			);
			inputPaths = (
			);
			name = "[CP] Copy Pods Resources";
			outputPaths = (
			);
			runOnlyForDeploymentPostprocessing = 0;
			shellPath = /bin/sh;
			shellScript = "\"${SRCROOT}/Pods/Target Support Files/Pods-TestAutoLayout/Pods-TestAutoLayout-resources.sh\"\n";
			showEnvVarsInLog = 0;
		};
		B529010E88EBF6B6CBE3C2ED /* [CP] Embed Pods Frameworks */ = {
			isa = PBXShellScriptBuildPhase;
			buildActionMask = 2147483647;
			files = (
			);
			inputPaths = (
			);
			name = "[CP] Embed Pods Frameworks";
			outputPaths = (
			);
			runOnlyForDeploymentPostprocessing = 0;
			shellPath = /bin/sh;
			shellScript = "\"${SRCROOT}/Pods/Target Support Files/Pods-TestAutoLayoutTests/Pods-TestAutoLayoutTests-frameworks.sh\"\n";
			showEnvVarsInLog = 0;
		};
		C3F6077CB3598C65545DAD90 /* [CP] Check Pods Manifest.lock */ = {
			isa = PBXShellScriptBuildPhase;
			buildActionMask = 2147483647;
			files = (
			);
			inputPaths = (
			);
			name = "[CP] Check Pods Manifest.lock";
			outputPaths = (
			);
			runOnlyForDeploymentPostprocessing = 0;
			shellPath = /bin/sh;
			shellScript = "diff \"${PODS_ROOT}/../Podfile.lock\" \"${PODS_ROOT}/Manifest.lock\" > /dev/null\nif [[ $? != 0 ]] ; then\n    cat << EOM\nerror: The sandbox is not in sync with the Podfile.lock. Run 'pod install' or update your CocoaPods installation.\nEOM\n    exit 1\nfi\n";
			showEnvVarsInLog = 0;
		};
		C568E77BEC9F5CF36FAFE3D1 /* [CP] Embed Pods Frameworks */ = {
			isa = PBXShellScriptBuildPhase;
			buildActionMask = 2147483647;
			files = (
			);
			inputPaths = (
			);
			name = "[CP] Embed Pods Frameworks";
			outputPaths = (
			);
			runOnlyForDeploymentPostprocessing = 0;
			shellPath = /bin/sh;
			shellScript = "\"${SRCROOT}/Pods/Target Support Files/Pods-TestAutoLayout/Pods-TestAutoLayout-frameworks.sh\"\n";
			showEnvVarsInLog = 0;
		};
		C9E133D24A1227759BBD9931 /* [CP] Copy Pods Resources */ = {
			isa = PBXShellScriptBuildPhase;
			buildActionMask = 2147483647;
			files = (
			);
			inputPaths = (
			);
			name = "[CP] Copy Pods Resources";
			outputPaths = (
			);
			runOnlyForDeploymentPostprocessing = 0;
			shellPath = /bin/sh;
			shellScript = "\"${SRCROOT}/Pods/Target Support Files/Pods-TestAutoLayoutTests/Pods-TestAutoLayoutTests-resources.sh\"\n";
			showEnvVarsInLog = 0;
		};
		D5FC0957C12731DF70A02044 /* [CP] Check Pods Manifest.lock */ = {
			isa = PBXShellScriptBuildPhase;
			buildActionMask = 2147483647;
			files = (
			);
			inputPaths = (
			);
			name = "[CP] Check Pods Manifest.lock";
			outputPaths = (
			);
			runOnlyForDeploymentPostprocessing = 0;
			shellPath = /bin/sh;
			shellScript = "diff \"${PODS_ROOT}/../Podfile.lock\" \"${PODS_ROOT}/Manifest.lock\" > /dev/null\nif [[ $? != 0 ]] ; then\n    cat << EOM\nerror: The sandbox is not in sync with the Podfile.lock. Run 'pod install' or update your CocoaPods installation.\nEOM\n    exit 1\nfi\n";
			showEnvVarsInLog = 0;
		};
/* End PBXShellScriptBuildPhase section */

/* Begin PBXSourcesBuildPhase section */
		18F8515D1D3DD13A00B712C8 /* Sources */ = {
			isa = PBXSourcesBuildPhase;
			buildActionMask = 2147483647;
			files = (
				18613DEC1D3F6F1D001E6840 /* TableViewCell.swift in Sources */,
				18613DEA1D3F6EE4001E6840 /* TableViewController.swift in Sources */,
				18F851651D3DD13A00B712C8 /* AppDelegate.swift in Sources */,
			);
			runOnlyForDeploymentPostprocessing = 0;
		};
		18F851711D3DD13A00B712C8 /* Sources */ = {
			isa = PBXSourcesBuildPhase;
			buildActionMask = 2147483647;
			files = (
				18F8517A1D3DD13A00B712C8 /* TestAutoLayoutTests.swift in Sources */,
			);
			runOnlyForDeploymentPostprocessing = 0;
		};
		18F8517C1D3DD13A00B712C8 /* Sources */ = {
			isa = PBXSourcesBuildPhase;
			buildActionMask = 2147483647;
			files = (
				18F851851D3DD13A00B712C8 /* TestAutoLayoutUITests.swift in Sources */,
			);
			runOnlyForDeploymentPostprocessing = 0;
		};
/* End PBXSourcesBuildPhase section */

/* Begin PBXTargetDependency section */
		18F851771D3DD13A00B712C8 /* PBXTargetDependency */ = {
			isa = PBXTargetDependency;
			target = 18F851601D3DD13A00B712C8 /* TestAutoLayout */;
			targetProxy = 18F851761D3DD13A00B712C8 /* PBXContainerItemProxy */;
		};
		18F851821D3DD13A00B712C8 /* PBXTargetDependency */ = {
			isa = PBXTargetDependency;
			target = 18F851601D3DD13A00B712C8 /* TestAutoLayout */;
			targetProxy = 18F851811D3DD13A00B712C8 /* PBXContainerItemProxy */;
		};
/* End PBXTargetDependency section */

/* Begin PBXVariantGroup section */
		18F8516D1D3DD13A00B712C8 /* LaunchScreen.storyboard */ = {
			isa = PBXVariantGroup;
			children = (
				18F8516E1D3DD13A00B712C8 /* Base */,
			);
			name = LaunchScreen.storyboard;
			sourceTree = "<group>";
		};
/* End PBXVariantGroup section */

/* Begin XCBuildConfiguration section */
		18F851871D3DD13A00B712C8 /* Debug */ = {
			isa = XCBuildConfiguration;
			buildSettings = {
				ALWAYS_SEARCH_USER_PATHS = NO;
				CLANG_CXX_LANGUAGE_STANDARD = "gnu++0x";
				CLANG_CXX_LIBRARY = "libc++";
				CLANG_ENABLE_MODULES = YES;
				CLANG_ENABLE_OBJC_ARC = YES;
				CLANG_WARN_BOOL_CONVERSION = YES;
				CLANG_WARN_CONSTANT_CONVERSION = YES;
				CLANG_WARN_DIRECT_OBJC_ISA_USAGE = YES_ERROR;
				CLANG_WARN_EMPTY_BODY = YES;
				CLANG_WARN_ENUM_CONVERSION = YES;
				CLANG_WARN_INT_CONVERSION = YES;
				CLANG_WARN_OBJC_ROOT_CLASS = YES_ERROR;
				CLANG_WARN_UNREACHABLE_CODE = YES;
				CLANG_WARN__DUPLICATE_METHOD_MATCH = YES;
				"CODE_SIGN_IDENTITY[sdk=iphoneos*]" = "iPhone Developer";
				COPY_PHASE_STRIP = NO;
				DEBUG_INFORMATION_FORMAT = dwarf;
				ENABLE_STRICT_OBJC_MSGSEND = YES;
				ENABLE_TESTABILITY = YES;
				GCC_C_LANGUAGE_STANDARD = gnu99;
				GCC_DYNAMIC_NO_PIC = NO;
				GCC_NO_COMMON_BLOCKS = YES;
				GCC_OPTIMIZATION_LEVEL = 0;
				GCC_PREPROCESSOR_DEFINITIONS = (
					"DEBUG=1",
					"$(inherited)",
				);
				GCC_WARN_64_TO_32_BIT_CONVERSION = YES;
				GCC_WARN_ABOUT_RETURN_TYPE = YES_ERROR;
				GCC_WARN_UNDECLARED_SELECTOR = YES;
				GCC_WARN_UNINITIALIZED_AUTOS = YES_AGGRESSIVE;
				GCC_WARN_UNUSED_FUNCTION = YES;
				GCC_WARN_UNUSED_VARIABLE = YES;
				IPHONEOS_DEPLOYMENT_TARGET = 9.2;
				MTL_ENABLE_DEBUG_INFO = YES;
				ONLY_ACTIVE_ARCH = YES;
				SDKROOT = iphoneos;
				SWIFT_OPTIMIZATION_LEVEL = "-Onone";
				TARGETED_DEVICE_FAMILY = "1,2";
			};
			name = Debug;
		};
		18F851881D3DD13A00B712C8 /* Release */ = {
			isa = XCBuildConfiguration;
			buildSettings = {
				ALWAYS_SEARCH_USER_PATHS = NO;
				CLANG_CXX_LANGUAGE_STANDARD = "gnu++0x";
				CLANG_CXX_LIBRARY = "libc++";
				CLANG_ENABLE_MODULES = YES;
				CLANG_ENABLE_OBJC_ARC = YES;
				CLANG_WARN_BOOL_CONVERSION = YES;
				CLANG_WARN_CONSTANT_CONVERSION = YES;
				CLANG_WARN_DIRECT_OBJC_ISA_USAGE = YES_ERROR;
				CLANG_WARN_EMPTY_BODY = YES;
				CLANG_WARN_ENUM_CONVERSION = YES;
				CLANG_WARN_INT_CONVERSION = YES;
				CLANG_WARN_OBJC_ROOT_CLASS = YES_ERROR;
				CLANG_WARN_UNREACHABLE_CODE = YES;
				CLANG_WARN__DUPLICATE_METHOD_MATCH = YES;
				"CODE_SIGN_IDENTITY[sdk=iphoneos*]" = "iPhone Developer";
				COPY_PHASE_STRIP = NO;
				DEBUG_INFORMATION_FORMAT = "dwarf-with-dsym";
				ENABLE_NS_ASSERTIONS = NO;
				ENABLE_STRICT_OBJC_MSGSEND = YES;
				GCC_C_LANGUAGE_STANDARD = gnu99;
				GCC_NO_COMMON_BLOCKS = YES;
				GCC_WARN_64_TO_32_BIT_CONVERSION = YES;
				GCC_WARN_ABOUT_RETURN_TYPE = YES_ERROR;
				GCC_WARN_UNDECLARED_SELECTOR = YES;
				GCC_WARN_UNINITIALIZED_AUTOS = YES_AGGRESSIVE;
				GCC_WARN_UNUSED_FUNCTION = YES;
				GCC_WARN_UNUSED_VARIABLE = YES;
				IPHONEOS_DEPLOYMENT_TARGET = 9.2;
				MTL_ENABLE_DEBUG_INFO = NO;
				SDKROOT = iphoneos;
				TARGETED_DEVICE_FAMILY = "1,2";
				VALIDATE_PRODUCT = YES;
			};
			name = Release;
		};
		18F8518A1D3DD13A00B712C8 /* Debug */ = {
			isa = XCBuildConfiguration;
			baseConfigurationReference = B2541A816E59C9C6B137AF30 /* Pods-TestAutoLayout.debug.xcconfig */;
			buildSettings = {
				ASSETCATALOG_COMPILER_APPICON_NAME = AppIcon;
				INFOPLIST_FILE = TestAutoLayout/Info.plist;
				LD_RUNPATH_SEARCH_PATHS = "$(inherited) @executable_path/Frameworks";
				PRODUCT_BUNDLE_IDENTIFIER = com.world.TestAutoLayout;
				PRODUCT_NAME = "$(TARGET_NAME)";
			};
			name = Debug;
		};
		18F8518B1D3DD13A00B712C8 /* Release */ = {
			isa = XCBuildConfiguration;
			baseConfigurationReference = EEE5D680DEF2FFD4CA334B25 /* Pods-TestAutoLayout.release.xcconfig */;
			buildSettings = {
				ASSETCATALOG_COMPILER_APPICON_NAME = AppIcon;
				INFOPLIST_FILE = TestAutoLayout/Info.plist;
				LD_RUNPATH_SEARCH_PATHS = "$(inherited) @executable_path/Frameworks";
				PRODUCT_BUNDLE_IDENTIFIER = com.world.TestAutoLayout;
				PRODUCT_NAME = "$(TARGET_NAME)";
			};
			name = Release;
		};
		18F8518D1D3DD13A00B712C8 /* Debug */ = {
			isa = XCBuildConfiguration;
			baseConfigurationReference = 1C0B63DA131C45E9A89D5A85 /* Pods-TestAutoLayoutTests.debug.xcconfig */;
			buildSettings = {
				BUNDLE_LOADER = "$(TEST_HOST)";
				INFOPLIST_FILE = TestAutoLayoutTests/Info.plist;
				LD_RUNPATH_SEARCH_PATHS = "$(inherited) @executable_path/Frameworks @loader_path/Frameworks";
				PRODUCT_BUNDLE_IDENTIFIER = com.world.TestAutoLayoutTests;
				PRODUCT_NAME = "$(TARGET_NAME)";
				TEST_HOST = "$(BUILT_PRODUCTS_DIR)/TestAutoLayout.app/TestAutoLayout";
			};
			name = Debug;
		};
		18F8518E1D3DD13A00B712C8 /* Release */ = {
			isa = XCBuildConfiguration;
			baseConfigurationReference = 0A7FDBABA9B777C4256B98DE /* Pods-TestAutoLayoutTests.release.xcconfig */;
			buildSettings = {
				BUNDLE_LOADER = "$(TEST_HOST)";
				INFOPLIST_FILE = TestAutoLayoutTests/Info.plist;
				LD_RUNPATH_SEARCH_PATHS = "$(inherited) @executable_path/Frameworks @loader_path/Frameworks";
				PRODUCT_BUNDLE_IDENTIFIER = com.world.TestAutoLayoutTests;
				PRODUCT_NAME = "$(TARGET_NAME)";
				TEST_HOST = "$(BUILT_PRODUCTS_DIR)/TestAutoLayout.app/TestAutoLayout";
			};
			name = Release;
		};
		18F851901D3DD13A00B712C8 /* Debug */ = {
			isa = XCBuildConfiguration;
			baseConfigurationReference = 1B95FB2DB8A13636FB5B00C3 /* Pods-TestAutoLayoutUITests.debug.xcconfig */;
			buildSettings = {
				INFOPLIST_FILE = TestAutoLayoutUITests/Info.plist;
				LD_RUNPATH_SEARCH_PATHS = "$(inherited) @executable_path/Frameworks @loader_path/Frameworks";
				PRODUCT_BUNDLE_IDENTIFIER = com.world.TestAutoLayoutUITests;
				PRODUCT_NAME = "$(TARGET_NAME)";
				TEST_TARGET_NAME = TestAutoLayout;
				USES_XCTRUNNER = YES;
			};
			name = Debug;
		};
		18F851911D3DD13A00B712C8 /* Release */ = {
			isa = XCBuildConfiguration;
			baseConfigurationReference = 5AA02BCE9BF1A79A5E310A79 /* Pods-TestAutoLayoutUITests.release.xcconfig */;
			buildSettings = {
				INFOPLIST_FILE = TestAutoLayoutUITests/Info.plist;
				LD_RUNPATH_SEARCH_PATHS = "$(inherited) @executable_path/Frameworks @loader_path/Frameworks";
				PRODUCT_BUNDLE_IDENTIFIER = com.world.TestAutoLayoutUITests;
				PRODUCT_NAME = "$(TARGET_NAME)";
				TEST_TARGET_NAME = TestAutoLayout;
				USES_XCTRUNNER = YES;
			};
			name = Release;
		};
/* End XCBuildConfiguration section */

/* Begin XCConfigurationList section */
		18F8515C1D3DD13A00B712C8 /* Build configuration list for PBXProject "TestAutoLayout" */ = {
			isa = XCConfigurationList;
			buildConfigurations = (
				18F851871D3DD13A00B712C8 /* Debug */,
				18F851881D3DD13A00B712C8 /* Release */,
			);
			defaultConfigurationIsVisible = 0;
			defaultConfigurationName = Release;
		};
		18F851891D3DD13A00B712C8 /* Build configuration list for PBXNativeTarget "TestAutoLayout" */ = {
			isa = XCConfigurationList;
			buildConfigurations = (
				18F8518A1D3DD13A00B712C8 /* Debug */,
				18F8518B1D3DD13A00B712C8 /* Release */,
			);
			defaultConfigurationIsVisible = 0;
			defaultConfigurationName = Release;
		};
		18F8518C1D3DD13A00B712C8 /* Build configuration list for PBXNativeTarget "TestAutoLayoutTests" */ = {
			isa = XCConfigurationList;
			buildConfigurations = (
				18F8518D1D3DD13A00B712C8 /* Debug */,
				18F8518E1D3DD13A00B712C8 /* Release */,
			);
			defaultConfigurationIsVisible = 0;
			defaultConfigurationName = Release;
		};
		18F8518F1D3DD13A00B712C8 /* Build configuration list for PBXNativeTarget "TestAutoLayoutUITests" */ = {
			isa = XCConfigurationList;
			buildConfigurations = (
				18F851901D3DD13A00B712C8 /* Debug */,
				18F851911D3DD13A00B712C8 /* Release */,
			);
			defaultConfigurationIsVisible = 0;
			defaultConfigurationName = Release;
		};
/* End XCConfigurationList section */
	};
	rootObject = 18F851591D3DD13A00B712C8 /* Project object */;
}
